# THIS IS AN AUTOGENERATED FILE. DO NOT EDIT THIS FILE DIRECTLY.
# yarn lockfile v1

assert@*:
  version "1.4.1"
  resolved "https://registry.yarnpkg.com/assert/-/assert-1.4.1.tgz#99912d591836b5a6f5b345c0f07eefc08fc65d91"  

deep-grep@>=0.4.0:
  version "0.4.2"
  resolved "https://registry.yarnpkg.com/deep-grep/-/deep-grep-0.4.2.tgz#01cfb10561934b6f65a64ae4f5a52d675754e74f"
  dependencies:    
    xact-id-tiny ">=0.0.6"

encoding@^0.1.11:
  version "0.1.12"
  resolved "https://registry.yarnpkg.com/encoding/-/encoding-0.1.12.tgz#538b66f3ee62cd1ab51ec323829d1f9480c74beb"
  dependencies:
    iconv-lite "~0.4.13"

i@^0.3.6:
  version "0.3.6"
  resolved "https://registry.yarnpkg.com/i/-/i-0.3.6.tgz#d96c92732076f072711b6b10fd7d4f65ad8ee23d"

iconv-lite@~0.4.13:
  version "0.4.22"
  resolved "https://registry.yarnpkg.com/iconv-lite/-/iconv-lite-0.4.22.tgz#c6b16b9d05bc6c307dc9303a820412995d2eea95"

is-stream@^1.0.1:
  version "1.1.0"
  resolved "https://registry.yarnpkg.com/is-stream/-/is-stream-1.1.0.tgz#12d4a3dd4e68e0b79ceb8dbc84173ae80d91ca44"

isomorphic-fetch@^2.2.1:
  version "2.2.1"
  resolved "https://registry.yarnpkg.com/isomorphic-fetch/-/isomorphic-fetch-2.2.1.tgz#611ae1acf14f5e81f729507472819fe9733558a9"
  dependencies:
    node-fetch "^1.0.1"
    whatwg-fetch ">=0.10.0"

node-fetch@^1.0.1:
  version "1.7.3"
  resolved "https://registry.yarnpkg.com/node-fetch/-/node-fetch-1.7.3.tgz#980f6f72d85211a5347c6b2bc18c5b84c3eb47ef"
  dependencies:
    is-stream "^1.0.1"
    encoding "^0.1.11"

q@^1.5.1:
  version "1.5.1"
  resolved "https://registry.yarnpkg.com/q/-/q-1.5.1.tgz#7e32f75b41381291d04611f1bf14109ac00651d7"

riak-dc@>=0.3.1:
  version "0.3.2"
  resolved "https://registry.yarnpkg.com/riak-dc/-/riak-dc-0.3.2.tgz#093cbbe1ced1a3a4244545499204cc68a909b454"
  dependencies:
    xact-id-tiny ">=0.0.5"

rm@^0.1.8:
  version "0.1.8"
  resolved "https://registry.yarnpkg.com/rm/-/rm-0.1.8.tgz#06d2fadbf661390f697d73b05e0be8c239bfbc7e"
  dependencies:
    deep-grep ">=0.4.0"
    riak-dc ">=0.3.1"
  
whatwg-fetch@>=0.10.0:
  version "2.0.4"
  resolved "https://registry.yarnpkg.com/whatwg-fetch/-/whatwg-fetch-2.0.4.tgz#dde6a5df315f9d39991aa17621853d720b85566f"

xact-id-tiny@>=0.0.5, xact-id-tiny@>=0.0.6:
  version "0.0.7"
  resolved "https://registry.yarnpkg.com/xact-id-tiny/-/xact-id-tiny-0.0.7.tgz#4c305e0680d8ca7a472b904a3b407063adb1d12c"
  dependencies:
    assert "*"